
Microsoft Visual Studio Solution File, Format Version 12.00
# Visual Studio Version 17
VisualStudioVersion = 17.14.36429.23 d17.14
MinimumVisualStudioVersion = 10.0.40219.1
Project("{FAE04EC0-301F-11D3-BF4B-00C04F79EFBC}") = "NewtonsoftJsonExample", "NewtonsoftJsonExample.csproj", "{A5CFA2D2-0D23-3D00-44CD-5C8EFCDDB1FC}"
EndProject
Global
	GlobalSection(SolutionConfigurationPlatforms) = preSolution
		Debug|Any CPU = Debug|Any CPU
		Release|Any CPU = Release|Any CPU
	EndGlobalSection
	GlobalSection(ProjectConfigurationPlatforms) = postSolution
		{A5CFA2D2-0D23-3D00-44CD-5C8EFCDDB1FC}.Debug|Any CPU.ActiveCfg = Debug|Any CPU
		{A5CFA2D2-0D23-3D00-44CD-5C8EFCDDB1FC}.Debug|Any CPU.Build.0 = Debug|Any CPU
		{A5CFA2D2-0D23-3D00-44CD-5C8EFCDDB1FC}.Release|Any CPU.ActiveCfg = Release|Any CPU
		{A5CFA2D2-0D23-3D00-44CD-5C8EFCDDB1FC}.Release|Any CPU.Build.0 = Release|Any CPU
	EndGlobalSection
	GlobalSection(SolutionProperties) = preSolution
		HideSolutionNode = FALSE
	EndGlobalSection
	GlobalSection(ExtensibilityGlobals) = postSolution
		SolutionGuid = {34876D9B-D694-4ADB-956D-D67E04E67F6D}
	EndGlobalSection
EndGlobal
