
Microsoft Visual Studio Solution File, Format Version 12.00
# Visual Studio Version 17
VisualStudioVersion = 17.14.36511.14 d17.14
MinimumVisualStudioVersion = 10.0.40219.1
Project("{FAE04EC0-301F-11D3-BF4B-00C04F79EFBC}") = "HandlebarsNetExample", "HandlebarsNetExample.csproj", "{EBA6872F-2E1D-4FD7-8393-8E8720940E68}"
EndProject
Global
	GlobalSection(SolutionConfigurationPlatforms) = preSolution
		Debug|Any CPU = Debug|Any CPU
		Release|Any CPU = Release|Any CPU
	EndGlobalSection
	GlobalSection(ProjectConfigurationPlatforms) = postSolution
		{EBA6872F-2E1D-4FD7-8393-8E8720940E68}.Debug|Any CPU.ActiveCfg = Debug|Any CPU
		{EBA6872F-2E1D-4FD7-8393-8E8720940E68}.Debug|Any CPU.Build.0 = Debug|Any CPU
		{EBA6872F-2E1D-4FD7-8393-8E8720940E68}.Release|Any CPU.ActiveCfg = Release|Any CPU
		{EBA6872F-2E1D-4FD7-8393-8E8720940E68}.Release|Any CPU.Build.0 = Release|Any CPU
	EndGlobalSection
	GlobalSection(SolutionProperties) = preSolution
		HideSolutionNode = FALSE
	EndGlobalSection
	GlobalSection(ExtensibilityGlobals) = postSolution
		SolutionGuid = {B0650AE4-8458-4231-80B3-ABD9026DA860}
	EndGlobalSection
EndGlobal
