Microsoft Visual Studio Solution File, Format Version 12.00
# Visual Studio Version 17
VisualStudioVersion = 17.5.2.0
MinimumVisualStudioVersion = 10.0.40219.1
Project("{FAE04EC0-301F-11D3-BF4B-00C04F79EFBC}") = "SimMetricsNetExample", "SimMetricsNetExample.csproj", "{66BF49F5-CE7F-23B1-6C3E-07D2D9D7DA31}"
EndProject
Global
	GlobalSection(SolutionConfigurationPlatforms) = preSolution
		Debug|Any CPU = Debug|Any CPU
		Release|Any CPU = Release|Any CPU
	EndGlobalSection
	GlobalSection(ProjectConfigurationPlatforms) = postSolution
		{66BF49F5-CE7F-23B1-6C3E-07D2D9D7DA31}.Debug|Any CPU.ActiveCfg = Debug|Any CPU
		{66BF49F5-CE7F-23B1-6C3E-07D2D9D7DA31}.Debug|Any CPU.Build.0 = Debug|Any CPU
		{66BF49F5-CE7F-23B1-6C3E-07D2D9D7DA31}.Release|Any CPU.ActiveCfg = Release|Any CPU
		{66BF49F5-CE7F-23B1-6C3E-07D2D9D7DA31}.Release|Any CPU.Build.0 = Release|Any CPU
	EndGlobalSection
	GlobalSection(SolutionProperties) = preSolution
		HideSolutionNode = FALSE
	EndGlobalSection
	GlobalSection(ExtensibilityGlobals) = postSolution
		SolutionGuid = {95F545F1-8EFA-4E31-B426-F1375E69E41B}
	EndGlobalSection
EndGlobal
