Microsoft Visual Studio Solution File, Format Version 12.00
# Visual Studio Version 17
VisualStudioVersion = 17.5.2.0
MinimumVisualStudioVersion = 10.0.40219.1
Project("{FAE04EC0-301F-11D3-BF4B-00C04F79EFBC}") = "FuzzySharpExample", "FuzzySharpExample.csproj", "{257BE61B-2FFE-3CCF-1A31-DD84031C6871}"
EndProject
Global
	GlobalSection(SolutionConfigurationPlatforms) = preSolution
		Debug|Any CPU = Debug|Any CPU
		Release|Any CPU = Release|Any CPU
	EndGlobalSection
	GlobalSection(ProjectConfigurationPlatforms) = postSolution
		{257BE61B-2FFE-3CCF-1A31-DD84031C6871}.Debug|Any CPU.ActiveCfg = Debug|Any CPU
		{257BE61B-2FFE-3CCF-1A31-DD84031C6871}.Debug|Any CPU.Build.0 = Debug|Any CPU
		{257BE61B-2FFE-3CCF-1A31-DD84031C6871}.Release|Any CPU.ActiveCfg = Release|Any CPU
		{257BE61B-2FFE-3CCF-1A31-DD84031C6871}.Release|Any CPU.Build.0 = Release|Any CPU
	EndGlobalSection
	GlobalSection(SolutionProperties) = preSolution
		HideSolutionNode = FALSE
	EndGlobalSection
	GlobalSection(ExtensibilityGlobals) = postSolution
		SolutionGuid = {65609778-7DAC-4D78-81B9-1070CDC949A9}
	EndGlobalSection
EndGlobal
