
Microsoft Visual Studio Solution File, Format Version 12.00
# Visual Studio Version 17
VisualStudioVersion = 17.14.36429.23 d17.14
MinimumVisualStudioVersion = 10.0.40219.1
Project("{FAE04EC0-301F-11D3-BF4B-00C04F79EFBC}") = "AsposeWordsExample", "AsposeWordsExample.csproj", "{0A4D4A46-DD83-AD29-A960-1C6D04D3B68D}"
EndProject
Global
	GlobalSection(SolutionConfigurationPlatforms) = preSolution
		Debug|Any CPU = Debug|Any CPU
		Release|Any CPU = Release|Any CPU
	EndGlobalSection
	GlobalSection(ProjectConfigurationPlatforms) = postSolution
		{0A4D4A46-DD83-AD29-A960-1C6D04D3B68D}.Debug|Any CPU.ActiveCfg = Debug|Any CPU
		{0A4D4A46-DD83-AD29-A960-1C6D04D3B68D}.Debug|Any CPU.Build.0 = Debug|Any CPU
		{0A4D4A46-DD83-AD29-A960-1C6D04D3B68D}.Release|Any CPU.ActiveCfg = Release|Any CPU
		{0A4D4A46-DD83-AD29-A960-1C6D04D3B68D}.Release|Any CPU.Build.0 = Release|Any CPU
	EndGlobalSection
	GlobalSection(SolutionProperties) = preSolution
		HideSolutionNode = FALSE
	EndGlobalSection
	GlobalSection(ExtensibilityGlobals) = postSolution
		SolutionGuid = {F3CA4304-11D9-4C51-83B5-DD3B386EC758}
	EndGlobalSection
EndGlobal
