
Microsoft Visual Studio Solution File, Format Version 12.00
# Visual Studio Version 17
VisualStudioVersion = 17.14.36429.23 d17.14
MinimumVisualStudioVersion = 10.0.40219.1
Project("{FAE04EC0-301F-11D3-BF4B-00C04F79EFBC}") = "AsposeOcrExample", "AsposeOcrExample.csproj", "{BA2A13B0-78C9-203B-1462-034AD42E4D37}"
EndProject
Global
	GlobalSection(SolutionConfigurationPlatforms) = preSolution
		Debug|Any CPU = Debug|Any CPU
		Release|Any CPU = Release|Any CPU
	EndGlobalSection
	GlobalSection(ProjectConfigurationPlatforms) = postSolution
		{BA2A13B0-78C9-203B-1462-034AD42E4D37}.Debug|Any CPU.ActiveCfg = Debug|Any CPU
		{BA2A13B0-78C9-203B-1462-034AD42E4D37}.Debug|Any CPU.Build.0 = Debug|Any CPU
		{BA2A13B0-78C9-203B-1462-034AD42E4D37}.Release|Any CPU.ActiveCfg = Release|Any CPU
		{BA2A13B0-78C9-203B-1462-034AD42E4D37}.Release|Any CPU.Build.0 = Release|Any CPU
	EndGlobalSection
	GlobalSection(SolutionProperties) = preSolution
		HideSolutionNode = FALSE
	EndGlobalSection
	GlobalSection(ExtensibilityGlobals) = postSolution
		SolutionGuid = {24B5F0F2-14B2-4944-9817-4606E84F19E2}
	EndGlobalSection
EndGlobal
